
Microsoft Visual Studio Solution File, Format Version 12.00
# Visual Studio Version 16
VisualStudioVersion = 16.0.30406.217
MinimumVisualStudioVersion = 10.0.40219.1
Project("{D954291E-2A0B-460D-934E-DC6B0785DB48}") = "TimePickerFlyoutTest.Shared", "TimePickerFlyoutTest.Shared\TimePickerFlyoutTest.Shared.shproj", "{6279C845-92F8-4333-AB99-3D213163593C}"
EndProject
Project("{FAE04EC0-301F-11D3-BF4B-00C04F79EFBC}") = "TimePickerFlyoutTest.Droid", "TimePickerFlyoutTest.Droid\TimePickerFlyoutTest.Droid.csproj", "{3EC11355-BDBF-48BE-AAF5-0B4067B56B37}"
EndProject
Project("{FAE04EC0-301F-11D3-BF4B-00C04F79EFBC}") = "TimePickerFlyoutTest.iOS", "TimePickerFlyoutTest.iOS\TimePickerFlyoutTest.iOS.csproj", "{5E653C50-F513-45BB-B850-AEE6347C5C1B}"
EndProject
Project("{FAE04EC0-301F-11D3-BF4B-00C04F79EFBC}") = "TimePickerFlyoutTest.UWP", "TimePickerFlyoutTest.UWP\TimePickerFlyoutTest.UWP.csproj", "{CC4BC430-631D-464A-BDD9-5DCC7471B5DD}"
EndProject
Project("{FAE04EC0-301F-11D3-BF4B-00C04F79EFBC}") = "TimePickerFlyoutTest.Wasm", "TimePickerFlyoutTest.Wasm\TimePickerFlyoutTest.Wasm.csproj", "{B04DD619-C2D6-4D9E-8B7F-4A22CB7F09CF}"
EndProject
Project("{FAE04EC0-301F-11D3-BF4B-00C04F79EFBC}") = "TimePickerFlyoutTest.macOS", "TimePickerFlyoutTest.macOS\TimePickerFlyoutTest.macOS.csproj", "{6902245E-0EA4-41F3-9592-49ACED6260C2}"
EndProject
Global
	GlobalSection(SharedMSBuildProjectFiles) = preSolution
		TimePickerFlyoutTest.Shared\TimePickerFlyoutTest.Shared.projitems*{3ec11355-bdbf-48be-aaf5-0b4067b56b37}*SharedItemsImports = 4
		TimePickerFlyoutTest.Shared\TimePickerFlyoutTest.Shared.projitems*{5e653c50-f513-45bb-b850-aee6347c5c1b}*SharedItemsImports = 4
		TimePickerFlyoutTest.Shared\TimePickerFlyoutTest.Shared.projitems*{6279c845-92f8-4333-ab99-3d213163593c}*SharedItemsImports = 13
		TimePickerFlyoutTest.Shared\TimePickerFlyoutTest.Shared.projitems*{6902245e-0ea4-41f3-9592-49aced6260c2}*SharedItemsImports = 4
		TimePickerFlyoutTest.Shared\TimePickerFlyoutTest.Shared.projitems*{b04dd619-c2d6-4d9e-8b7f-4a22cb7f09cf}*SharedItemsImports = 5
		TimePickerFlyoutTest.Shared\TimePickerFlyoutTest.Shared.projitems*{cc4bc430-631d-464a-bdd9-5dcc7471b5dd}*SharedItemsImports = 4
	EndGlobalSection
	GlobalSection(SolutionConfigurationPlatforms) = preSolution
		Ad-Hoc|Any CPU = Ad-Hoc|Any CPU
		Ad-Hoc|ARM = Ad-Hoc|ARM
		Ad-Hoc|ARM64 = Ad-Hoc|ARM64
		Ad-Hoc|iPhone = Ad-Hoc|iPhone
		Ad-Hoc|iPhoneSimulator = Ad-Hoc|iPhoneSimulator
		Ad-Hoc|x64 = Ad-Hoc|x64
		Ad-Hoc|x86 = Ad-Hoc|x86
		AppStore|Any CPU = AppStore|Any CPU
		AppStore|ARM = AppStore|ARM
		AppStore|ARM64 = AppStore|ARM64
		AppStore|iPhone = AppStore|iPhone
		AppStore|iPhoneSimulator = AppStore|iPhoneSimulator
		AppStore|x64 = AppStore|x64
		AppStore|x86 = AppStore|x86
		Debug|Any CPU = Debug|Any CPU
		Debug|ARM = Debug|ARM
		Debug|ARM64 = Debug|ARM64
		Debug|iPhone = Debug|iPhone
		Debug|iPhoneSimulator = Debug|iPhoneSimulator
		Debug|x64 = Debug|x64
		Debug|x86 = Debug|x86
		Release|Any CPU = Release|Any CPU
		Release|ARM = Release|ARM
		Release|ARM64 = Release|ARM64
		Release|iPhone = Release|iPhone
		Release|iPhoneSimulator = Release|iPhoneSimulator
		Release|x64 = Release|x64
		Release|x86 = Release|x86
	EndGlobalSection
	GlobalSection(ProjectConfigurationPlatforms) = postSolution
		{3EC11355-BDBF-48BE-AAF5-0B4067B56B37}.Ad-Hoc|Any CPU.ActiveCfg = Release|Any CPU
		{3EC11355-BDBF-48BE-AAF5-0B4067B56B37}.Ad-Hoc|Any CPU.Build.0 = Release|Any CPU
		{3EC11355-BDBF-48BE-AAF5-0B4067B56B37}.Ad-Hoc|Any CPU.Deploy.0 = Release|Any CPU
		{3EC11355-BDBF-48BE-AAF5-0B4067B56B37}.Ad-Hoc|ARM.ActiveCfg = Release|Any CPU
		{3EC11355-BDBF-48BE-AAF5-0B4067B56B37}.Ad-Hoc|ARM.Build.0 = Release|Any CPU
		{3EC11355-BDBF-48BE-AAF5-0B4067B56B37}.Ad-Hoc|ARM.Deploy.0 = Release|Any CPU
		{3EC11355-BDBF-48BE-AAF5-0B4067B56B37}.Ad-Hoc|ARM64.ActiveCfg = Release|Any CPU
		{3EC11355-BDBF-48BE-AAF5-0B4067B56B37}.Ad-Hoc|ARM64.Build.0 = Release|Any CPU
		{3EC11355-BDBF-48BE-AAF5-0B4067B56B37}.Ad-Hoc|ARM64.Deploy.0 = Release|Any CPU
		{3EC11355-BDBF-48BE-AAF5-0B4067B56B37}.Ad-Hoc|iPhone.ActiveCfg = Release|Any CPU
		{3EC11355-BDBF-48BE-AAF5-0B4067B56B37}.Ad-Hoc|iPhone.Build.0 = Release|Any CPU
		{3EC11355-BDBF-48BE-AAF5-0B4067B56B37}.Ad-Hoc|iPhone.Deploy.0 = Release|Any CPU
		{3EC11355-BDBF-48BE-AAF5-0B4067B56B37}.Ad-Hoc|iPhoneSimulator.ActiveCfg = Release|Any CPU
		{3EC11355-BDBF-48BE-AAF5-0B4067B56B37}.Ad-Hoc|iPhoneSimulator.Build.0 = Release|Any CPU
		{3EC11355-BDBF-48BE-AAF5-0B4067B56B37}.Ad-Hoc|iPhoneSimulator.Deploy.0 = Release|Any CPU
		{3EC11355-BDBF-48BE-AAF5-0B4067B56B37}.Ad-Hoc|x64.ActiveCfg = Release|Any CPU
		{3EC11355-BDBF-48BE-AAF5-0B4067B56B37}.Ad-Hoc|x64.Build.0 = Release|Any CPU
		{3EC11355-BDBF-48BE-AAF5-0B4067B56B37}.Ad-Hoc|x64.Deploy.0 = Release|Any CPU
		{3EC11355-BDBF-48BE-AAF5-0B4067B56B37}.Ad-Hoc|x86.ActiveCfg = Release|Any CPU
		{3EC11355-BDBF-48BE-AAF5-0B4067B56B37}.Ad-Hoc|x86.Build.0 = Release|Any CPU
		{3EC11355-BDBF-48BE-AAF5-0B4067B56B37}.Ad-Hoc|x86.Deploy.0 = Release|Any CPU
		{3EC11355-BDBF-48BE-AAF5-0B4067B56B37}.AppStore|Any CPU.ActiveCfg = Release|Any CPU
		{3EC11355-BDBF-48BE-AAF5-0B4067B56B37}.AppStore|Any CPU.Build.0 = Release|Any CPU
		{3EC11355-BDBF-48BE-AAF5-0B4067B56B37}.AppStore|Any CPU.Deploy.0 = Release|Any CPU
		{3EC11355-BDBF-48BE-AAF5-0B4067B56B37}.AppStore|ARM.ActiveCfg = Release|Any CPU
		{3EC11355-BDBF-48BE-AAF5-0B4067B56B37}.AppStore|ARM.Build.0 = Release|Any CPU
		{3EC11355-BDBF-48BE-AAF5-0B4067B56B37}.AppStore|ARM.Deploy.0 = Release|Any CPU
		{3EC11355-BDBF-48BE-AAF5-0B4067B56B37}.AppStore|ARM64.ActiveCfg = Release|Any CPU
		{3EC11355-BDBF-48BE-AAF5-0B4067B56B37}.AppStore|ARM64.Build.0 = Release|Any CPU
		{3EC11355-BDBF-48BE-AAF5-0B4067B56B37}.AppStore|ARM64.Deploy.0 = Release|Any CPU
		{3EC11355-BDBF-48BE-AAF5-0B4067B56B37}.AppStore|iPhone.ActiveCfg = Release|Any CPU
		{3EC11355-BDBF-48BE-AAF5-0B4067B56B37}.AppStore|iPhone.Build.0 = Release|Any CPU
		{3EC11355-BDBF-48BE-AAF5-0B4067B56B37}.AppStore|iPhone.Deploy.0 = Release|Any CPU
		{3EC11355-BDBF-48BE-AAF5-0B4067B56B37}.AppStore|iPhoneSimulator.ActiveCfg = Release|Any CPU
		{3EC11355-BDBF-48BE-AAF5-0B4067B56B37}.AppStore|iPhoneSimulator.Build.0 = Release|Any CPU
		{3EC11355-BDBF-48BE-AAF5-0B4067B56B37}.AppStore|iPhoneSimulator.Deploy.0 = Release|Any CPU
		{3EC11355-BDBF-48BE-AAF5-0B4067B56B37}.AppStore|x64.ActiveCfg = Release|Any CPU
		{3EC11355-BDBF-48BE-AAF5-0B4067B56B37}.AppStore|x64.Build.0 = Release|Any CPU
		{3EC11355-BDBF-48BE-AAF5-0B4067B56B37}.AppStore|x64.Deploy.0 = Release|Any CPU
		{3EC11355-BDBF-48BE-AAF5-0B4067B56B37}.AppStore|x86.ActiveCfg = Release|Any CPU
		{3EC11355-BDBF-48BE-AAF5-0B4067B56B37}.AppStore|x86.Build.0 = Release|Any CPU
		{3EC11355-BDBF-48BE-AAF5-0B4067B56B37}.AppStore|x86.Deploy.0 = Release|Any CPU
		{3EC11355-BDBF-48BE-AAF5-0B4067B56B37}.Debug|Any CPU.ActiveCfg = Debug|Any CPU
		{3EC11355-BDBF-48BE-AAF5-0B4067B56B37}.Debug|Any CPU.Build.0 = Debug|Any CPU
		{3EC11355-BDBF-48BE-AAF5-0B4067B56B37}.Debug|Any CPU.Deploy.0 = Debug|Any CPU
		{3EC11355-BDBF-48BE-AAF5-0B4067B56B37}.Debug|ARM.ActiveCfg = Debug|Any CPU
		{3EC11355-BDBF-48BE-AAF5-0B4067B56B37}.Debug|ARM.Build.0 = Debug|Any CPU
		{3EC11355-BDBF-48BE-AAF5-0B4067B56B37}.Debug|ARM.Deploy.0 = Debug|Any CPU
		{3EC11355-BDBF-48BE-AAF5-0B4067B56B37}.Debug|ARM64.ActiveCfg = Debug|Any CPU
		{3EC11355-BDBF-48BE-AAF5-0B4067B56B37}.Debug|ARM64.Build.0 = Debug|Any CPU
		{3EC11355-BDBF-48BE-AAF5-0B4067B56B37}.Debug|ARM64.Deploy.0 = Debug|Any CPU
		{3EC11355-BDBF-48BE-AAF5-0B4067B56B37}.Debug|iPhone.ActiveCfg = Debug|Any CPU
		{3EC11355-BDBF-48BE-AAF5-0B4067B56B37}.Debug|iPhone.Build.0 = Debug|Any CPU
		{3EC11355-BDBF-48BE-AAF5-0B4067B56B37}.Debug|iPhone.Deploy.0 = Debug|Any CPU
		{3EC11355-BDBF-48BE-AAF5-0B4067B56B37}.Debug|iPhoneSimulator.ActiveCfg = Debug|Any CPU
		{3EC11355-BDBF-48BE-AAF5-0B4067B56B37}.Debug|iPhoneSimulator.Build.0 = Debug|Any CPU
		{3EC11355-BDBF-48BE-AAF5-0B4067B56B37}.Debug|iPhoneSimulator.Deploy.0 = Debug|Any CPU
		{3EC11355-BDBF-48BE-AAF5-0B4067B56B37}.Debug|x64.ActiveCfg = Debug|Any CPU
		{3EC11355-BDBF-48BE-AAF5-0B4067B56B37}.Debug|x64.Build.0 = Debug|Any CPU
		{3EC11355-BDBF-48BE-AAF5-0B4067B56B37}.Debug|x64.Deploy.0 = Debug|Any CPU
		{3EC11355-BDBF-48BE-AAF5-0B4067B56B37}.Debug|x86.ActiveCfg = Debug|Any CPU
		{3EC11355-BDBF-48BE-AAF5-0B4067B56B37}.Debug|x86.Build.0 = Debug|Any CPU
		{3EC11355-BDBF-48BE-AAF5-0B4067B56B37}.Debug|x86.Deploy.0 = Debug|Any CPU
		{3EC11355-BDBF-48BE-AAF5-0B4067B56B37}.Release|Any CPU.ActiveCfg = Release|Any CPU
		{3EC11355-BDBF-48BE-AAF5-0B4067B56B37}.Release|Any CPU.Build.0 = Release|Any CPU
		{3EC11355-BDBF-48BE-AAF5-0B4067B56B37}.Release|Any CPU.Deploy.0 = Release|Any CPU
		{3EC11355-BDBF-48BE-AAF5-0B4067B56B37}.Release|ARM.ActiveCfg = Release|Any CPU
		{3EC11355-BDBF-48BE-AAF5-0B4067B56B37}.Release|ARM.Build.0 = Release|Any CPU
		{3EC11355-BDBF-48BE-AAF5-0B4067B56B37}.Release|ARM.Deploy.0 = Release|Any CPU
		{3EC11355-BDBF-48BE-AAF5-0B4067B56B37}.Release|ARM64.ActiveCfg = Release|Any CPU
		{3EC11355-BDBF-48BE-AAF5-0B4067B56B37}.Release|ARM64.Build.0 = Release|Any CPU
		{3EC11355-BDBF-48BE-AAF5-0B4067B56B37}.Release|ARM64.Deploy.0 = Release|Any CPU
		{3EC11355-BDBF-48BE-AAF5-0B4067B56B37}.Release|iPhone.ActiveCfg = Release|Any CPU
		{3EC11355-BDBF-48BE-AAF5-0B4067B56B37}.Release|iPhone.Build.0 = Release|Any CPU
		{3EC11355-BDBF-48BE-AAF5-0B4067B56B37}.Release|iPhone.Deploy.0 = Release|Any CPU
		{3EC11355-BDBF-48BE-AAF5-0B4067B56B37}.Release|iPhoneSimulator.ActiveCfg = Release|Any CPU
		{3EC11355-BDBF-48BE-AAF5-0B4067B56B37}.Release|iPhoneSimulator.Build.0 = Release|Any CPU
		{3EC11355-BDBF-48BE-AAF5-0B4067B56B37}.Release|iPhoneSimulator.Deploy.0 = Release|Any CPU
		{3EC11355-BDBF-48BE-AAF5-0B4067B56B37}.Release|x64.ActiveCfg = Release|Any CPU
		{3EC11355-BDBF-48BE-AAF5-0B4067B56B37}.Release|x64.Build.0 = Release|Any CPU
		{3EC11355-BDBF-48BE-AAF5-0B4067B56B37}.Release|x64.Deploy.0 = Release|Any CPU
		{3EC11355-BDBF-48BE-AAF5-0B4067B56B37}.Release|x86.ActiveCfg = Release|Any CPU
		{3EC11355-BDBF-48BE-AAF5-0B4067B56B37}.Release|x86.Build.0 = Release|Any CPU
		{3EC11355-BDBF-48BE-AAF5-0B4067B56B37}.Release|x86.Deploy.0 = Release|Any CPU
		{5E653C50-F513-45BB-B850-AEE6347C5C1B}.Ad-Hoc|Any CPU.ActiveCfg = Ad-Hoc|iPhone
		{5E653C50-F513-45BB-B850-AEE6347C5C1B}.Ad-Hoc|ARM.ActiveCfg = Ad-Hoc|iPhone
		{5E653C50-F513-45BB-B850-AEE6347C5C1B}.Ad-Hoc|ARM64.ActiveCfg = Ad-Hoc|iPhone
		{5E653C50-F513-45BB-B850-AEE6347C5C1B}.Ad-Hoc|iPhone.ActiveCfg = Ad-Hoc|iPhone
		{5E653C50-F513-45BB-B850-AEE6347C5C1B}.Ad-Hoc|iPhone.Build.0 = Ad-Hoc|iPhone
		{5E653C50-F513-45BB-B850-AEE6347C5C1B}.Ad-Hoc|iPhoneSimulator.ActiveCfg = Ad-Hoc|iPhoneSimulator
		{5E653C50-F513-45BB-B850-AEE6347C5C1B}.Ad-Hoc|iPhoneSimulator.Build.0 = Ad-Hoc|iPhoneSimulator
		{5E653C50-F513-45BB-B850-AEE6347C5C1B}.Ad-Hoc|x64.ActiveCfg = Ad-Hoc|iPhone
		{5E653C50-F513-45BB-B850-AEE6347C5C1B}.Ad-Hoc|x86.ActiveCfg = Ad-Hoc|iPhone
		{5E653C50-F513-45BB-B850-AEE6347C5C1B}.AppStore|Any CPU.ActiveCfg = AppStore|iPhone
		{5E653C50-F513-45BB-B850-AEE6347C5C1B}.AppStore|ARM.ActiveCfg = AppStore|iPhone
		{5E653C50-F513-45BB-B850-AEE6347C5C1B}.AppStore|ARM64.ActiveCfg = AppStore|iPhone
		{5E653C50-F513-45BB-B850-AEE6347C5C1B}.AppStore|iPhone.ActiveCfg = AppStore|iPhone
		{5E653C50-F513-45BB-B850-AEE6347C5C1B}.AppStore|iPhone.Build.0 = AppStore|iPhone
		{5E653C50-F513-45BB-B850-AEE6347C5C1B}.AppStore|iPhoneSimulator.ActiveCfg = AppStore|iPhoneSimulator
		{5E653C50-F513-45BB-B850-AEE6347C5C1B}.AppStore|iPhoneSimulator.Build.0 = AppStore|iPhoneSimulator
		{5E653C50-F513-45BB-B850-AEE6347C5C1B}.AppStore|x64.ActiveCfg = AppStore|iPhone
		{5E653C50-F513-45BB-B850-AEE6347C5C1B}.AppStore|x86.ActiveCfg = AppStore|iPhone
		{5E653C50-F513-45BB-B850-AEE6347C5C1B}.Debug|Any CPU.ActiveCfg = Debug|iPhone
		{5E653C50-F513-45BB-B850-AEE6347C5C1B}.Debug|ARM.ActiveCfg = Debug|iPhone
		{5E653C50-F513-45BB-B850-AEE6347C5C1B}.Debug|ARM64.ActiveCfg = Debug|iPhone
		{5E653C50-F513-45BB-B850-AEE6347C5C1B}.Debug|iPhone.ActiveCfg = Debug|iPhone
		{5E653C50-F513-45BB-B850-AEE6347C5C1B}.Debug|iPhone.Build.0 = Debug|iPhone
		{5E653C50-F513-45BB-B850-AEE6347C5C1B}.Debug|iPhoneSimulator.ActiveCfg = Debug|iPhoneSimulator
		{5E653C50-F513-45BB-B850-AEE6347C5C1B}.Debug|iPhoneSimulator.Build.0 = Debug|iPhoneSimulator
		{5E653C50-F513-45BB-B850-AEE6347C5C1B}.Debug|x64.ActiveCfg = Debug|iPhone
		{5E653C50-F513-45BB-B850-AEE6347C5C1B}.Debug|x86.ActiveCfg = Debug|iPhone
		{5E653C50-F513-45BB-B850-AEE6347C5C1B}.Release|Any CPU.ActiveCfg = Release|iPhone
		{5E653C50-F513-45BB-B850-AEE6347C5C1B}.Release|ARM.ActiveCfg = Release|iPhone
		{5E653C50-F513-45BB-B850-AEE6347C5C1B}.Release|ARM64.ActiveCfg = Release|iPhone
		{5E653C50-F513-45BB-B850-AEE6347C5C1B}.Release|iPhone.ActiveCfg = Release|iPhone
		{5E653C50-F513-45BB-B850-AEE6347C5C1B}.Release|iPhone.Build.0 = Release|iPhone
		{5E653C50-F513-45BB-B850-AEE6347C5C1B}.Release|iPhoneSimulator.ActiveCfg = Release|iPhoneSimulator
		{5E653C50-F513-45BB-B850-AEE6347C5C1B}.Release|iPhoneSimulator.Build.0 = Release|iPhoneSimulator
		{5E653C50-F513-45BB-B850-AEE6347C5C1B}.Release|x64.ActiveCfg = Release|iPhone
		{5E653C50-F513-45BB-B850-AEE6347C5C1B}.Release|x86.ActiveCfg = Release|iPhone
		{CC4BC430-631D-464A-BDD9-5DCC7471B5DD}.Ad-Hoc|Any CPU.ActiveCfg = Release|x64
		{CC4BC430-631D-464A-BDD9-5DCC7471B5DD}.Ad-Hoc|Any CPU.Build.0 = Release|x64
		{CC4BC430-631D-464A-BDD9-5DCC7471B5DD}.Ad-Hoc|Any CPU.Deploy.0 = Release|x64
		{CC4BC430-631D-464A-BDD9-5DCC7471B5DD}.Ad-Hoc|ARM.ActiveCfg = Release|ARM
		{CC4BC430-631D-464A-BDD9-5DCC7471B5DD}.Ad-Hoc|ARM.Build.0 = Release|ARM
		{CC4BC430-631D-464A-BDD9-5DCC7471B5DD}.Ad-Hoc|ARM.Deploy.0 = Release|ARM
		{CC4BC430-631D-464A-BDD9-5DCC7471B5DD}.Ad-Hoc|ARM64.ActiveCfg = Release|ARM64
		{CC4BC430-631D-464A-BDD9-5DCC7471B5DD}.Ad-Hoc|ARM64.Build.0 = Release|ARM64
		{CC4BC430-631D-464A-BDD9-5DCC7471B5DD}.Ad-Hoc|ARM64.Deploy.0 = Release|ARM64
		{CC4BC430-631D-464A-BDD9-5DCC7471B5DD}.Ad-Hoc|iPhone.ActiveCfg = Release|x64
		{CC4BC430-631D-464A-BDD9-5DCC7471B5DD}.Ad-Hoc|iPhone.Build.0 = Release|x64
		{CC4BC430-631D-464A-BDD9-5DCC7471B5DD}.Ad-Hoc|iPhone.Deploy.0 = Release|x64
		{CC4BC430-631D-464A-BDD9-5DCC7471B5DD}.Ad-Hoc|iPhoneSimulator.ActiveCfg = Release|x64
		{CC4BC430-631D-464A-BDD9-5DCC7471B5DD}.Ad-Hoc|iPhoneSimulator.Build.0 = Release|x64
		{CC4BC430-631D-464A-BDD9-5DCC7471B5DD}.Ad-Hoc|iPhoneSimulator.Deploy.0 = Release|x64
		{CC4BC430-631D-464A-BDD9-5DCC7471B5DD}.Ad-Hoc|x64.ActiveCfg = Release|x64
		{CC4BC430-631D-464A-BDD9-5DCC7471B5DD}.Ad-Hoc|x64.Build.0 = Release|x64
		{CC4BC430-631D-464A-BDD9-5DCC7471B5DD}.Ad-Hoc|x64.Deploy.0 = Release|x64
		{CC4BC430-631D-464A-BDD9-5DCC7471B5DD}.Ad-Hoc|x86.ActiveCfg = Release|x86
		{CC4BC430-631D-464A-BDD9-5DCC7471B5DD}.Ad-Hoc|x86.Build.0 = Release|x86
		{CC4BC430-631D-464A-BDD9-5DCC7471B5DD}.Ad-Hoc|x86.Deploy.0 = Release|x86
		{CC4BC430-631D-464A-BDD9-5DCC7471B5DD}.AppStore|Any CPU.ActiveCfg = Release|x64
		{CC4BC430-631D-464A-BDD9-5DCC7471B5DD}.AppStore|Any CPU.Build.0 = Release|x64
		{CC4BC430-631D-464A-BDD9-5DCC7471B5DD}.AppStore|Any CPU.Deploy.0 = Release|x64
		{CC4BC430-631D-464A-BDD9-5DCC7471B5DD}.AppStore|ARM.ActiveCfg = Release|ARM
		{CC4BC430-631D-464A-BDD9-5DCC7471B5DD}.AppStore|ARM.Build.0 = Release|ARM
		{CC4BC430-631D-464A-BDD9-5DCC7471B5DD}.AppStore|ARM.Deploy.0 = Release|ARM
		{CC4BC430-631D-464A-BDD9-5DCC7471B5DD}.AppStore|ARM64.ActiveCfg = Release|ARM64
		{CC4BC430-631D-464A-BDD9-5DCC7471B5DD}.AppStore|ARM64.Build.0 = Release|ARM64
		{CC4BC430-631D-464A-BDD9-5DCC7471B5DD}.AppStore|ARM64.Deploy.0 = Release|ARM64
		{CC4BC430-631D-464A-BDD9-5DCC7471B5DD}.AppStore|iPhone.ActiveCfg = Release|x64
		{CC4BC430-631D-464A-BDD9-5DCC7471B5DD}.AppStore|iPhone.Build.0 = Release|x64
		{CC4BC430-631D-464A-BDD9-5DCC7471B5DD}.AppStore|iPhone.Deploy.0 = Release|x64
		{CC4BC430-631D-464A-BDD9-5DCC7471B5DD}.AppStore|iPhoneSimulator.ActiveCfg = Release|x64
		{CC4BC430-631D-464A-BDD9-5DCC7471B5DD}.AppStore|iPhoneSimulator.Build.0 = Release|x64
		{CC4BC430-631D-464A-BDD9-5DCC7471B5DD}.AppStore|iPhoneSimulator.Deploy.0 = Release|x64
		{CC4BC430-631D-464A-BDD9-5DCC7471B5DD}.AppStore|x64.ActiveCfg = Release|x64
		{CC4BC430-631D-464A-BDD9-5DCC7471B5DD}.AppStore|x64.Build.0 = Release|x64
		{CC4BC430-631D-464A-BDD9-5DCC7471B5DD}.AppStore|x64.Deploy.0 = Release|x64
		{CC4BC430-631D-464A-BDD9-5DCC7471B5DD}.AppStore|x86.ActiveCfg = Release|x86
		{CC4BC430-631D-464A-BDD9-5DCC7471B5DD}.AppStore|x86.Build.0 = Release|x86
		{CC4BC430-631D-464A-BDD9-5DCC7471B5DD}.AppStore|x86.Deploy.0 = Release|x86
		{CC4BC430-631D-464A-BDD9-5DCC7471B5DD}.Debug|Any CPU.ActiveCfg = Debug|x86
		{CC4BC430-631D-464A-BDD9-5DCC7471B5DD}.Debug|ARM.ActiveCfg = Debug|ARM
		{CC4BC430-631D-464A-BDD9-5DCC7471B5DD}.Debug|ARM.Build.0 = Debug|ARM
		{CC4BC430-631D-464A-BDD9-5DCC7471B5DD}.Debug|ARM.Deploy.0 = Debug|ARM
		{CC4BC430-631D-464A-BDD9-5DCC7471B5DD}.Debug|ARM64.ActiveCfg = Debug|ARM64
		{CC4BC430-631D-464A-BDD9-5DCC7471B5DD}.Debug|ARM64.Build.0 = Debug|ARM64
		{CC4BC430-631D-464A-BDD9-5DCC7471B5DD}.Debug|ARM64.Deploy.0 = Debug|ARM64
		{CC4BC430-631D-464A-BDD9-5DCC7471B5DD}.Debug|iPhone.ActiveCfg = Debug|x86
		{CC4BC430-631D-464A-BDD9-5DCC7471B5DD}.Debug|iPhoneSimulator.ActiveCfg = Debug|x86
		{CC4BC430-631D-464A-BDD9-5DCC7471B5DD}.Debug|x64.ActiveCfg = Debug|x64
		{CC4BC430-631D-464A-BDD9-5DCC7471B5DD}.Debug|x64.Build.0 = Debug|x64
		{CC4BC430-631D-464A-BDD9-5DCC7471B5DD}.Debug|x64.Deploy.0 = Debug|x64
		{CC4BC430-631D-464A-BDD9-5DCC7471B5DD}.Debug|x86.ActiveCfg = Debug|x86
		{CC4BC430-631D-464A-BDD9-5DCC7471B5DD}.Debug|x86.Build.0 = Debug|x86
		{CC4BC430-631D-464A-BDD9-5DCC7471B5DD}.Debug|x86.Deploy.0 = Debug|x86
		{CC4BC430-631D-464A-BDD9-5DCC7471B5DD}.Release|Any CPU.ActiveCfg = Release|x86
		{CC4BC430-631D-464A-BDD9-5DCC7471B5DD}.Release|ARM.ActiveCfg = Release|ARM
		{CC4BC430-631D-464A-BDD9-5DCC7471B5DD}.Release|ARM.Build.0 = Release|ARM
		{CC4BC430-631D-464A-BDD9-5DCC7471B5DD}.Release|ARM.Deploy.0 = Release|ARM
		{CC4BC430-631D-464A-BDD9-5DCC7471B5DD}.Release|ARM64.ActiveCfg = Release|ARM64
		{CC4BC430-631D-464A-BDD9-5DCC7471B5DD}.Release|ARM64.Build.0 = Release|ARM64
		{CC4BC430-631D-464A-BDD9-5DCC7471B5DD}.Release|ARM64.Deploy.0 = Release|ARM64
		{CC4BC430-631D-464A-BDD9-5DCC7471B5DD}.Release|iPhone.ActiveCfg = Release|x86
		{CC4BC430-631D-464A-BDD9-5DCC7471B5DD}.Release|iPhoneSimulator.ActiveCfg = Release|x86
		{CC4BC430-631D-464A-BDD9-5DCC7471B5DD}.Release|x64.ActiveCfg = Release|x64
		{CC4BC430-631D-464A-BDD9-5DCC7471B5DD}.Release|x64.Build.0 = Release|x64
		{CC4BC430-631D-464A-BDD9-5DCC7471B5DD}.Release|x64.Deploy.0 = Release|x64
		{CC4BC430-631D-464A-BDD9-5DCC7471B5DD}.Release|x86.ActiveCfg = Release|x86
		{CC4BC430-631D-464A-BDD9-5DCC7471B5DD}.Release|x86.Build.0 = Release|x86
		{CC4BC430-631D-464A-BDD9-5DCC7471B5DD}.Release|x86.Deploy.0 = Release|x86
		{B04DD619-C2D6-4D9E-8B7F-4A22CB7F09CF}.Ad-Hoc|Any CPU.ActiveCfg = Debug|Any CPU
		{B04DD619-C2D6-4D9E-8B7F-4A22CB7F09CF}.Ad-Hoc|Any CPU.Build.0 = Debug|Any CPU
		{B04DD619-C2D6-4D9E-8B7F-4A22CB7F09CF}.Ad-Hoc|ARM.ActiveCfg = Debug|Any CPU
		{B04DD619-C2D6-4D9E-8B7F-4A22CB7F09CF}.Ad-Hoc|ARM.Build.0 = Debug|Any CPU
		{B04DD619-C2D6-4D9E-8B7F-4A22CB7F09CF}.Ad-Hoc|ARM64.ActiveCfg = Debug|Any CPU
		{B04DD619-C2D6-4D9E-8B7F-4A22CB7F09CF}.Ad-Hoc|ARM64.Build.0 = Debug|Any CPU
		{B04DD619-C2D6-4D9E-8B7F-4A22CB7F09CF}.Ad-Hoc|iPhone.ActiveCfg = Debug|Any CPU
		{B04DD619-C2D6-4D9E-8B7F-4A22CB7F09CF}.Ad-Hoc|iPhone.Build.0 = Debug|Any CPU
		{B04DD619-C2D6-4D9E-8B7F-4A22CB7F09CF}.Ad-Hoc|iPhoneSimulator.ActiveCfg = Debug|Any CPU
		{B04DD619-C2D6-4D9E-8B7F-4A22CB7F09CF}.Ad-Hoc|iPhoneSimulator.Build.0 = Debug|Any CPU
		{B04DD619-C2D6-4D9E-8B7F-4A22CB7F09CF}.Ad-Hoc|x64.ActiveCfg = Debug|Any CPU
		{B04DD619-C2D6-4D9E-8B7F-4A22CB7F09CF}.Ad-Hoc|x64.Build.0 = Debug|Any CPU
		{B04DD619-C2D6-4D9E-8B7F-4A22CB7F09CF}.Ad-Hoc|x86.ActiveCfg = Debug|Any CPU
		{B04DD619-C2D6-4D9E-8B7F-4A22CB7F09CF}.Ad-Hoc|x86.Build.0 = Debug|Any CPU
		{B04DD619-C2D6-4D9E-8B7F-4A22CB7F09CF}.AppStore|Any CPU.ActiveCfg = Debug|Any CPU
		{B04DD619-C2D6-4D9E-8B7F-4A22CB7F09CF}.AppStore|Any CPU.Build.0 = Debug|Any CPU
		{B04DD619-C2D6-4D9E-8B7F-4A22CB7F09CF}.AppStore|ARM.ActiveCfg = Debug|Any CPU
		{B04DD619-C2D6-4D9E-8B7F-4A22CB7F09CF}.AppStore|ARM.Build.0 = Debug|Any CPU
		{B04DD619-C2D6-4D9E-8B7F-4A22CB7F09CF}.AppStore|ARM64.ActiveCfg = Debug|Any CPU
		{B04DD619-C2D6-4D9E-8B7F-4A22CB7F09CF}.AppStore|ARM64.Build.0 = Debug|Any CPU
		{B04DD619-C2D6-4D9E-8B7F-4A22CB7F09CF}.AppStore|iPhone.ActiveCfg = Debug|Any CPU
		{B04DD619-C2D6-4D9E-8B7F-4A22CB7F09CF}.AppStore|iPhone.Build.0 = Debug|Any CPU
		{B04DD619-C2D6-4D9E-8B7F-4A22CB7F09CF}.AppStore|iPhoneSimulator.ActiveCfg = Debug|Any CPU
		{B04DD619-C2D6-4D9E-8B7F-4A22CB7F09CF}.AppStore|iPhoneSimulator.Build.0 = Debug|Any CPU
		{B04DD619-C2D6-4D9E-8B7F-4A22CB7F09CF}.AppStore|x64.ActiveCfg = Debug|Any CPU
		{B04DD619-C2D6-4D9E-8B7F-4A22CB7F09CF}.AppStore|x64.Build.0 = Debug|Any CPU
		{B04DD619-C2D6-4D9E-8B7F-4A22CB7F09CF}.AppStore|x86.ActiveCfg = Debug|Any CPU
		{B04DD619-C2D6-4D9E-8B7F-4A22CB7F09CF}.AppStore|x86.Build.0 = Debug|Any CPU
		{B04DD619-C2D6-4D9E-8B7F-4A22CB7F09CF}.Debug|Any CPU.ActiveCfg = Debug|Any CPU
		{B04DD619-C2D6-4D9E-8B7F-4A22CB7F09CF}.Debug|Any CPU.Build.0 = Debug|Any CPU
		{B04DD619-C2D6-4D9E-8B7F-4A22CB7F09CF}.Debug|ARM.ActiveCfg = Debug|Any CPU
		{B04DD619-C2D6-4D9E-8B7F-4A22CB7F09CF}.Debug|ARM.Build.0 = Debug|Any CPU
		{B04DD619-C2D6-4D9E-8B7F-4A22CB7F09CF}.Debug|ARM64.ActiveCfg = Debug|Any CPU
		{B04DD619-C2D6-4D9E-8B7F-4A22CB7F09CF}.Debug|ARM64.Build.0 = Debug|Any CPU
		{B04DD619-C2D6-4D9E-8B7F-4A22CB7F09CF}.Debug|iPhone.ActiveCfg = Debug|Any CPU
		{B04DD619-C2D6-4D9E-8B7F-4A22CB7F09CF}.Debug|iPhone.Build.0 = Debug|Any CPU
		{B04DD619-C2D6-4D9E-8B7F-4A22CB7F09CF}.Debug|iPhoneSimulator.ActiveCfg = Debug|Any CPU
		{B04DD619-C2D6-4D9E-8B7F-4A22CB7F09CF}.Debug|iPhoneSimulator.Build.0 = Debug|Any CPU
		{B04DD619-C2D6-4D9E-8B7F-4A22CB7F09CF}.Debug|x64.ActiveCfg = Debug|Any CPU
		{B04DD619-C2D6-4D9E-8B7F-4A22CB7F09CF}.Debug|x64.Build.0 = Debug|Any CPU
		{B04DD619-C2D6-4D9E-8B7F-4A22CB7F09CF}.Debug|x86.ActiveCfg = Debug|Any CPU
		{B04DD619-C2D6-4D9E-8B7F-4A22CB7F09CF}.Debug|x86.Build.0 = Debug|Any CPU
		{B04DD619-C2D6-4D9E-8B7F-4A22CB7F09CF}.Release|Any CPU.ActiveCfg = Release|Any CPU
		{B04DD619-C2D6-4D9E-8B7F-4A22CB7F09CF}.Release|Any CPU.Build.0 = Release|Any CPU
		{B04DD619-C2D6-4D9E-8B7F-4A22CB7F09CF}.Release|ARM.ActiveCfg = Release|Any CPU
		{B04DD619-C2D6-4D9E-8B7F-4A22CB7F09CF}.Release|ARM.Build.0 = Release|Any CPU
		{B04DD619-C2D6-4D9E-8B7F-4A22CB7F09CF}.Release|ARM64.ActiveCfg = Release|Any CPU
		{B04DD619-C2D6-4D9E-8B7F-4A22CB7F09CF}.Release|ARM64.Build.0 = Release|Any CPU
		{B04DD619-C2D6-4D9E-8B7F-4A22CB7F09CF}.Release|iPhone.ActiveCfg = Release|Any CPU
		{B04DD619-C2D6-4D9E-8B7F-4A22CB7F09CF}.Release|iPhone.Build.0 = Release|Any CPU
		{B04DD619-C2D6-4D9E-8B7F-4A22CB7F09CF}.Release|iPhoneSimulator.ActiveCfg = Release|Any CPU
		{B04DD619-C2D6-4D9E-8B7F-4A22CB7F09CF}.Release|iPhoneSimulator.Build.0 = Release|Any CPU
		{B04DD619-C2D6-4D9E-8B7F-4A22CB7F09CF}.Release|x64.ActiveCfg = Release|Any CPU
		{B04DD619-C2D6-4D9E-8B7F-4A22CB7F09CF}.Release|x64.Build.0 = Release|Any CPU
		{B04DD619-C2D6-4D9E-8B7F-4A22CB7F09CF}.Release|x86.ActiveCfg = Release|Any CPU
		{B04DD619-C2D6-4D9E-8B7F-4A22CB7F09CF}.Release|x86.Build.0 = Release|Any CPU
		{6902245E-0EA4-41F3-9592-49ACED6260C2}.Ad-Hoc|Any CPU.ActiveCfg = Release|iPhoneSimulator
		{6902245E-0EA4-41F3-9592-49ACED6260C2}.Ad-Hoc|Any CPU.Build.0 = Release|iPhoneSimulator
		{6902245E-0EA4-41F3-9592-49ACED6260C2}.Ad-Hoc|ARM.ActiveCfg = Release|iPhoneSimulator
		{6902245E-0EA4-41F3-9592-49ACED6260C2}.Ad-Hoc|ARM.Build.0 = Release|iPhoneSimulator
		{6902245E-0EA4-41F3-9592-49ACED6260C2}.Ad-Hoc|ARM64.ActiveCfg = Release|iPhoneSimulator
		{6902245E-0EA4-41F3-9592-49ACED6260C2}.Ad-Hoc|ARM64.Build.0 = Release|iPhoneSimulator
		{6902245E-0EA4-41F3-9592-49ACED6260C2}.Ad-Hoc|iPhone.ActiveCfg = Release|iPhoneSimulator
		{6902245E-0EA4-41F3-9592-49ACED6260C2}.Ad-Hoc|iPhone.Build.0 = Release|iPhoneSimulator
		{6902245E-0EA4-41F3-9592-49ACED6260C2}.Ad-Hoc|iPhoneSimulator.ActiveCfg = Release|iPhoneSimulator
		{6902245E-0EA4-41F3-9592-49ACED6260C2}.Ad-Hoc|iPhoneSimulator.Build.0 = Release|iPhoneSimulator
		{6902245E-0EA4-41F3-9592-49ACED6260C2}.Ad-Hoc|x64.ActiveCfg = Release|iPhoneSimulator
		{6902245E-0EA4-41F3-9592-49ACED6260C2}.Ad-Hoc|x64.Build.0 = Release|iPhoneSimulator
		{6902245E-0EA4-41F3-9592-49ACED6260C2}.Ad-Hoc|x86.ActiveCfg = Release|iPhoneSimulator
		{6902245E-0EA4-41F3-9592-49ACED6260C2}.Ad-Hoc|x86.Build.0 = Release|iPhoneSimulator
		{6902245E-0EA4-41F3-9592-49ACED6260C2}.AppStore|Any CPU.ActiveCfg = Release|iPhoneSimulator
		{6902245E-0EA4-41F3-9592-49ACED6260C2}.AppStore|Any CPU.Build.0 = Release|iPhoneSimulator
		{6902245E-0EA4-41F3-9592-49ACED6260C2}.AppStore|ARM.ActiveCfg = Release|iPhoneSimulator
		{6902245E-0EA4-41F3-9592-49ACED6260C2}.AppStore|ARM.Build.0 = Release|iPhoneSimulator
		{6902245E-0EA4-41F3-9592-49ACED6260C2}.AppStore|ARM64.ActiveCfg = Release|iPhoneSimulator
		{6902245E-0EA4-41F3-9592-49ACED6260C2}.AppStore|ARM64.Build.0 = Release|iPhoneSimulator
		{6902245E-0EA4-41F3-9592-49ACED6260C2}.AppStore|iPhone.ActiveCfg = Release|iPhoneSimulator
		{6902245E-0EA4-41F3-9592-49ACED6260C2}.AppStore|iPhone.Build.0 = Release|iPhoneSimulator
		{6902245E-0EA4-41F3-9592-49ACED6260C2}.AppStore|iPhoneSimulator.ActiveCfg = Release|iPhoneSimulator
		{6902245E-0EA4-41F3-9592-49ACED6260C2}.AppStore|iPhoneSimulator.Build.0 = Release|iPhoneSimulator
		{6902245E-0EA4-41F3-9592-49ACED6260C2}.AppStore|x64.ActiveCfg = Release|iPhoneSimulator
		{6902245E-0EA4-41F3-9592-49ACED6260C2}.AppStore|x64.Build.0 = Release|iPhoneSimulator
		{6902245E-0EA4-41F3-9592-49ACED6260C2}.AppStore|x86.ActiveCfg = Release|iPhoneSimulator
		{6902245E-0EA4-41F3-9592-49ACED6260C2}.AppStore|x86.Build.0 = Release|iPhoneSimulator
		{6902245E-0EA4-41F3-9592-49ACED6260C2}.Debug|Any CPU.ActiveCfg = Debug|iPhoneSimulator
		{6902245E-0EA4-41F3-9592-49ACED6260C2}.Debug|ARM.ActiveCfg = Debug|iPhoneSimulator
		{6902245E-0EA4-41F3-9592-49ACED6260C2}.Debug|ARM64.ActiveCfg = Debug|iPhoneSimulator
		{6902245E-0EA4-41F3-9592-49ACED6260C2}.Debug|iPhone.ActiveCfg = Debug|iPhoneSimulator
		{6902245E-0EA4-41F3-9592-49ACED6260C2}.Debug|iPhoneSimulator.ActiveCfg = Debug|iPhoneSimulator
		{6902245E-0EA4-41F3-9592-49ACED6260C2}.Debug|iPhoneSimulator.Build.0 = Debug|iPhoneSimulator
		{6902245E-0EA4-41F3-9592-49ACED6260C2}.Debug|x64.ActiveCfg = Debug|iPhoneSimulator
		{6902245E-0EA4-41F3-9592-49ACED6260C2}.Debug|x86.ActiveCfg = Debug|iPhoneSimulator
		{6902245E-0EA4-41F3-9592-49ACED6260C2}.Release|Any CPU.ActiveCfg = Release|iPhoneSimulator
		{6902245E-0EA4-41F3-9592-49ACED6260C2}.Release|ARM.ActiveCfg = Release|iPhoneSimulator
		{6902245E-0EA4-41F3-9592-49ACED6260C2}.Release|ARM64.ActiveCfg = Release|iPhoneSimulator
		{6902245E-0EA4-41F3-9592-49ACED6260C2}.Release|iPhone.ActiveCfg = Release|iPhoneSimulator
		{6902245E-0EA4-41F3-9592-49ACED6260C2}.Release|iPhoneSimulator.ActiveCfg = Release|iPhoneSimulator
		{6902245E-0EA4-41F3-9592-49ACED6260C2}.Release|iPhoneSimulator.Build.0 = Release|iPhoneSimulator
		{6902245E-0EA4-41F3-9592-49ACED6260C2}.Release|x64.ActiveCfg = Release|iPhoneSimulator
		{6902245E-0EA4-41F3-9592-49ACED6260C2}.Release|x86.ActiveCfg = Release|iPhoneSimulator
	EndGlobalSection
	GlobalSection(SolutionProperties) = preSolution
		HideSolutionNode = FALSE
	EndGlobalSection
	GlobalSection(ExtensibilityGlobals) = postSolution
		SolutionGuid = {30E85C73-5CC1-42CC-A8E9-8843CE0B6A75}
	EndGlobalSection
EndGlobal
